
Microsoft Visual Studio Solution File, Format Version 12.00
Project("{FAE04EC0-301F-11D3-BF4B-00C04F79EFBC}") = "MyClasses", "MyClasses\MyClasses.csproj", "{D893F012-53CB-448C-963A-4E8349664C2E}"
EndProject
Project("{FAE04EC0-301F-11D3-BF4B-00C04F79EFBC}") = "MyClassesTest", "MyClassesTest\MyClassesTest.csproj", "{11ED7D7F-F867-4B36-827B-AB2F920408A2}"
EndProject
Global
	GlobalSection(SolutionConfigurationPlatforms) = preSolution
		Debug|Any CPU = Debug|Any CPU
		Release|Any CPU = Release|Any CPU
	EndGlobalSection
	GlobalSection(ProjectConfigurationPlatforms) = postSolution
		{D893F012-53CB-448C-963A-4E8349664C2E}.Debug|Any CPU.ActiveCfg = Debug|Any CPU
		{D893F012-53CB-448C-963A-4E8349664C2E}.Debug|Any CPU.Build.0 = Debug|Any CPU
		{D893F012-53CB-448C-963A-4E8349664C2E}.Release|Any CPU.ActiveCfg = Release|Any CPU
		{D893F012-53CB-448C-963A-4E8349664C2E}.Release|Any CPU.Build.0 = Release|Any CPU
		{11ED7D7F-F867-4B36-827B-AB2F920408A2}.Debug|Any CPU.ActiveCfg = Debug|Any CPU
		{11ED7D7F-F867-4B36-827B-AB2F920408A2}.Debug|Any CPU.Build.0 = Debug|Any CPU
		{11ED7D7F-F867-4B36-827B-AB2F920408A2}.Release|Any CPU.ActiveCfg = Release|Any CPU
		{11ED7D7F-F867-4B36-827B-AB2F920408A2}.Release|Any CPU.Build.0 = Release|Any CPU
	EndGlobalSection
EndGlobal
